# Host-only experiment, Python 3.11. No Android dependency.
pymorphy3==2.0.6 --hash=sha256:0254317c02ce3ea17e080b7fc9d675e44662b3a5296bae68605b7a41d25b36c3
pymorphy3-dicts-ru==2.4.417150.4580142 --hash=sha256:718bac64c73c10c16073a199402657283d9b64c04188b694f6d3e9b0d85440f4
dawg2-python==0.9.0 --hash=sha256:4fab6fc097bd176cd783cd8421b757348ea5a460789e53b0f6bb64831380bab5
